// !$*UTF8*$!
{
	archiveVersion = 1;
	classes = {
	};
	objectVersion = 56;
	objects = {

/* Begin PBXBuildFile section */
		3B2199782BA0E44E000D12D1 /* QuestionView.swift in Sources */ = {isa = PBXBuildFile; fileRef = 3B2199772BA0E44E000D12D1 /* QuestionView.swift */; };
		3B21997A2BA0EBBC000D12D1 /* AnswerView.swift in Sources */ = {isa = PBXBuildFile; fileRef = 3B2199792BA0EBBC000D12D1 /* AnswerView.swift */; };
		3B21997D2BA21175000D12D1 /* AskView.swift in Sources */ = {isa = PBXBuildFile; fileRef = 3B21997C2BA21175000D12D1 /* AskView.swift */; };
		3B21997F2BA3F72A000D12D1 /* Storage.swift in Sources */ = {isa = PBXBuildFile; fileRef = 3B21997E2BA3F72A000D12D1 /* Storage.swift */; };
		3B2199832BA4D27B000D12D1 /* Test.swift in Sources */ = {isa = PBXBuildFile; fileRef = 3B2199822BA4D27B000D12D1 /* Test.swift */; };
		3B2199872BA7661C000D12D1 /* SettingsView.swift in Sources */ = {isa = PBXBuildFile; fileRef = 3B2199862BA7661C000D12D1 /* SettingsView.swift */; };
		3BD70F542BA0DC5800B9BA25 /* HiddenQuestionsApp.swift in Sources */ = {isa = PBXBuildFile; fileRef = 3BD70F532BA0DC5800B9BA25 /* HiddenQuestionsApp.swift */; };
		3BD70F562BA0DC5800B9BA25 /* MainPageView.swift in Sources */ = {isa = PBXBuildFile; fileRef = 3BD70F552BA0DC5800B9BA25 /* MainPageView.swift */; };
		3BD70F582BA0DC5B00B9BA25 /* Assets.xcassets in Resources */ = {isa = PBXBuildFile; fileRef = 3BD70F572BA0DC5B00B9BA25 /* Assets.xcassets */; };
		3BD70F5B2BA0DC5B00B9BA25 /* Preview Assets.xcassets in Resources */ = {isa = PBXBuildFile; fileRef = 3BD70F5A2BA0DC5B00B9BA25 /* Preview Assets.xcassets */; };
		D318D93E2C0E62E400748C7B /* RepondView.swift in Sources */ = {isa = PBXBuildFile; fileRef = D318D93D2C0E62E400748C7B /* RepondView.swift */; };
		D384D4722C1366B300E0ECDC /* TestView.swift in Sources */ = {isa = PBXBuildFile; fileRef = D384D4712C1366B300E0ECDC /* TestView.swift */; };
		D384D4752C13675D00E0ECDC /* Auth in Frameworks */ = {isa = PBXBuildFile; productRef = D384D4742C13675D00E0ECDC /* Auth */; };
		D384D4772C13675D00E0ECDC /* Functions in Frameworks */ = {isa = PBXBuildFile; productRef = D384D4762C13675D00E0ECDC /* Functions */; };
		D384D4792C13675D00E0ECDC /* PostgREST in Frameworks */ = {isa = PBXBuildFile; productRef = D384D4782C13675D00E0ECDC /* PostgREST */; };
		D384D47B2C13675D00E0ECDC /* Realtime in Frameworks */ = {isa = PBXBuildFile; productRef = D384D47A2C13675D00E0ECDC /* Realtime */; };
		D384D47D2C13675D00E0ECDC /* Storage in Frameworks */ = {isa = PBXBuildFile; productRef = D384D47C2C13675D00E0ECDC /* Storage */; };
		D384D47F2C13675D00E0ECDC /* Supabase in Frameworks */ = {isa = PBXBuildFile; productRef = D384D47E2C13675D00E0ECDC /* Supabase */; };
		D384D4822C13697C00E0ECDC /* QuestionViewModel.swift in Sources */ = {isa = PBXBuildFile; fileRef = D384D4812C13697C00E0ECDC /* QuestionViewModel.swift */; };
/* End PBXBuildFile section */

/* Begin PBXFileReference section */
		3B2199772BA0E44E000D12D1 /* QuestionView.swift */ = {isa = PBXFileReference; lastKnownFileType = sourcecode.swift; path = QuestionView.swift; sourceTree = "<group>"; };
		3B2199792BA0EBBC000D12D1 /* AnswerView.swift */ = {isa = PBXFileReference; lastKnownFileType = sourcecode.swift; path = AnswerView.swift; sourceTree = "<group>"; };
		3B21997C2BA21175000D12D1 /* AskView.swift */ = {isa = PBXFileReference; lastKnownFileType = sourcecode.swift; path = AskView.swift; sourceTree = "<group>"; };
		3B21997E2BA3F72A000D12D1 /* Storage.swift */ = {isa = PBXFileReference; lastKnownFileType = sourcecode.swift; path = Storage.swift; sourceTree = "<group>"; };
		3B2199822BA4D27B000D12D1 /* Test.swift */ = {isa = PBXFileReference; lastKnownFileType = sourcecode.swift; path = Test.swift; sourceTree = "<group>"; };
		3B2199862BA7661C000D12D1 /* SettingsView.swift */ = {isa = PBXFileReference; lastKnownFileType = sourcecode.swift; path = SettingsView.swift; sourceTree = "<group>"; };
		3BD70F502BA0DC5800B9BA25 /* HiddenQuestions.app */ = {isa = PBXFileReference; explicitFileType = wrapper.application; includeInIndex = 0; path = HiddenQuestions.app; sourceTree = BUILT_PRODUCTS_DIR; };
		3BD70F532BA0DC5800B9BA25 /* HiddenQuestionsApp.swift */ = {isa = PBXFileReference; lastKnownFileType = sourcecode.swift; path = HiddenQuestionsApp.swift; sourceTree = "<group>"; };
		3BD70F552BA0DC5800B9BA25 /* MainPageView.swift */ = {isa = PBXFileReference; lastKnownFileType = sourcecode.swift; path = MainPageView.swift; sourceTree = "<group>"; };
		3BD70F572BA0DC5B00B9BA25 /* Assets.xcassets */ = {isa = PBXFileReference; lastKnownFileType = folder.assetcatalog; path = Assets.xcassets; sourceTree = "<group>"; };
		3BD70F5A2BA0DC5B00B9BA25 /* Preview Assets.xcassets */ = {isa = PBXFileReference; lastKnownFileType = folder.assetcatalog; path = "Preview Assets.xcassets"; sourceTree = "<group>"; };
		D318D93D2C0E62E400748C7B /* RepondView.swift */ = {isa = PBXFileReference; lastKnownFileType = sourcecode.swift; path = RepondView.swift; sourceTree = "<group>"; };
		D384D4712C1366B300E0ECDC /* TestView.swift */ = {isa = PBXFileReference; lastKnownFileType = sourcecode.swift; path = TestView.swift; sourceTree = "<group>"; };
		D384D4812C13697C00E0ECDC /* QuestionViewModel.swift */ = {isa = PBXFileReference; lastKnownFileType = sourcecode.swift; path = QuestionViewModel.swift; sourceTree = "<group>"; };
/* End PBXFileReference section */

/* Begin PBXFrameworksBuildPhase section */
		3BD70F4D2BA0DC5800B9BA25 /* Frameworks */ = {
			isa = PBXFrameworksBuildPhase;
			buildActionMask = 2147483647;
			files = (
				D384D4792C13675D00E0ECDC /* PostgREST in Frameworks */,
				D384D4772C13675D00E0ECDC /* Functions in Frameworks */,
				D384D47F2C13675D00E0ECDC /* Supabase in Frameworks */,
				D384D4752C13675D00E0ECDC /* Auth in Frameworks */,
				D384D47D2C13675D00E0ECDC /* Storage in Frameworks */,
				D384D47B2C13675D00E0ECDC /* Realtime in Frameworks */,
			);
			runOnlyForDeploymentPostprocessing = 0;
		};
/* End PBXFrameworksBuildPhase section */

/* Begin PBXGroup section */
		3B21997B2BA21019000D12D1 /* Overlays */ = {
			isa = PBXGroup;
			children = (
				3B21997C2BA21175000D12D1 /* AskView.swift */,
				3B2199862BA7661C000D12D1 /* SettingsView.swift */,
				D318D93D2C0E62E400748C7B /* RepondView.swift */,
			);
			path = Overlays;
			sourceTree = "<group>";
		};
		3BD70F472BA0DC5800B9BA25 = {
			isa = PBXGroup;
			children = (
				3BD70F522BA0DC5800B9BA25 /* HiddenQuestions */,
				3BD70F512BA0DC5800B9BA25 /* Products */,
			);
			sourceTree = "<group>";
		};
		3BD70F512BA0DC5800B9BA25 /* Products */ = {
			isa = PBXGroup;
			children = (
				3BD70F502BA0DC5800B9BA25 /* HiddenQuestions.app */,
			);
			name = Products;
			sourceTree = "<group>";
		};
		3BD70F522BA0DC5800B9BA25 /* HiddenQuestions */ = {
			isa = PBXGroup;
			children = (
				3BD70F532BA0DC5800B9BA25 /* HiddenQuestionsApp.swift */,
				D384D4802C13693E00E0ECDC /* ViewModels */,
				3BD70F622BA0DC7200B9BA25 /* Models */,
				3BD70F612BA0DC6C00B9BA25 /* Views */,
				3BD70F572BA0DC5B00B9BA25 /* Assets.xcassets */,
				3BD70F592BA0DC5B00B9BA25 /* Preview Content */,
			);
			path = HiddenQuestions;
			sourceTree = "<group>";
		};
		3BD70F592BA0DC5B00B9BA25 /* Preview Content */ = {
			isa = PBXGroup;
			children = (
				3BD70F5A2BA0DC5B00B9BA25 /* Preview Assets.xcassets */,
			);
			path = "Preview Content";
			sourceTree = "<group>";
		};
		3BD70F612BA0DC6C00B9BA25 /* Views */ = {
			isa = PBXGroup;
			children = (
				D3ADED9F2C11E61400DA7372 /* SubViews */,
				3B21997B2BA21019000D12D1 /* Overlays */,
				3BD70F552BA0DC5800B9BA25 /* MainPageView.swift */,
				D384D4712C1366B300E0ECDC /* TestView.swift */,
			);
			path = Views;
			sourceTree = "<group>";
		};
		3BD70F622BA0DC7200B9BA25 /* Models */ = {
			isa = PBXGroup;
			children = (
				3B21997E2BA3F72A000D12D1 /* Storage.swift */,
			);
			path = Models;
			sourceTree = "<group>";
		};
		D384D4802C13693E00E0ECDC /* ViewModels */ = {
			isa = PBXGroup;
			children = (
				D384D4812C13697C00E0ECDC /* QuestionViewModel.swift */,
			);
			path = ViewModels;
			sourceTree = "<group>";
		};
		D3ADED9F2C11E61400DA7372 /* SubViews */ = {
			isa = PBXGroup;
			children = (
				3B2199822BA4D27B000D12D1 /* Test.swift */,
				3B2199792BA0EBBC000D12D1 /* AnswerView.swift */,
				3B2199772BA0E44E000D12D1 /* QuestionView.swift */,
			);
			path = SubViews;
			sourceTree = "<group>";
		};
/* End PBXGroup section */

/* Begin PBXNativeTarget section */
		3BD70F4F2BA0DC5800B9BA25 /* HiddenQuestions */ = {
			isa = PBXNativeTarget;
			buildConfigurationList = 3BD70F5E2BA0DC5B00B9BA25 /* Build configuration list for PBXNativeTarget "HiddenQuestions" */;
			buildPhases = (
				3BD70F4C2BA0DC5800B9BA25 /* Sources */,
				3BD70F4D2BA0DC5800B9BA25 /* Frameworks */,
				3BD70F4E2BA0DC5800B9BA25 /* Resources */,
			);
			buildRules = (
			);
			dependencies = (
			);
			name = HiddenQuestions;
			packageProductDependencies = (
				D384D4742C13675D00E0ECDC /* Auth */,
				D384D4762C13675D00E0ECDC /* Functions */,
				D384D4782C13675D00E0ECDC /* PostgREST */,
				D384D47A2C13675D00E0ECDC /* Realtime */,
				D384D47C2C13675D00E0ECDC /* Storage */,
				D384D47E2C13675D00E0ECDC /* Supabase */,
			);
			productName = HiddenQuestions;
			productReference = 3BD70F502BA0DC5800B9BA25 /* HiddenQuestions.app */;
			productType = "com.apple.product-type.application";
		};
/* End PBXNativeTarget section */

/* Begin PBXProject section */
		3BD70F482BA0DC5800B9BA25 /* Project object */ = {
			isa = PBXProject;
			attributes = {
				BuildIndependentTargetsInParallel = 1;
				LastSwiftUpdateCheck = 1520;
				LastUpgradeCheck = 1520;
				TargetAttributes = {
					3BD70F4F2BA0DC5800B9BA25 = {
						CreatedOnToolsVersion = 15.2;
					};
				};
			};
			buildConfigurationList = 3BD70F4B2BA0DC5800B9BA25 /* Build configuration list for PBXProject "HiddenQuestions" */;
			compatibilityVersion = "Xcode 14.0";
			developmentRegion = en;
			hasScannedForEncodings = 0;
			knownRegions = (
				en,
				Base,
			);
			mainGroup = 3BD70F472BA0DC5800B9BA25;
			packageReferences = (
				D384D4732C13675D00E0ECDC /* XCRemoteSwiftPackageReference "supabase-swift" */,
			);
			productRefGroup = 3BD70F512BA0DC5800B9BA25 /* Products */;
			projectDirPath = "";
			projectRoot = "";
			targets = (
				3BD70F4F2BA0DC5800B9BA25 /* HiddenQuestions */,
			);
		};
/* End PBXProject section */

/* Begin PBXResourcesBuildPhase section */
		3BD70F4E2BA0DC5800B9BA25 /* Resources */ = {
			isa = PBXResourcesBuildPhase;
			buildActionMask = 2147483647;
			files = (
				3BD70F5B2BA0DC5B00B9BA25 /* Preview Assets.xcassets in Resources */,
				3BD70F582BA0DC5B00B9BA25 /* Assets.xcassets in Resources */,
			);
			runOnlyForDeploymentPostprocessing = 0;
		};
/* End PBXResourcesBuildPhase section */

/* Begin PBXSourcesBuildPhase section */
		3BD70F4C2BA0DC5800B9BA25 /* Sources */ = {
			isa = PBXSourcesBuildPhase;
			buildActionMask = 2147483647;
			files = (
				3BD70F562BA0DC5800B9BA25 /* MainPageView.swift in Sources */,
				D384D4722C1366B300E0ECDC /* TestView.swift in Sources */,
				D318D93E2C0E62E400748C7B /* RepondView.swift in Sources */,
				3B2199782BA0E44E000D12D1 /* QuestionView.swift in Sources */,
				3B21997A2BA0EBBC000D12D1 /* AnswerView.swift in Sources */,
				3B21997F2BA3F72A000D12D1 /* Storage.swift in Sources */,
				3B2199872BA7661C000D12D1 /* SettingsView.swift in Sources */,
				3B2199832BA4D27B000D12D1 /* Test.swift in Sources */,
				3BD70F542BA0DC5800B9BA25 /* HiddenQuestionsApp.swift in Sources */,
				D384D4822C13697C00E0ECDC /* QuestionViewModel.swift in Sources */,
				3B21997D2BA21175000D12D1 /* AskView.swift in Sources */,
			);
			runOnlyForDeploymentPostprocessing = 0;
		};
/* End PBXSourcesBuildPhase section */

/* Begin XCBuildConfiguration section */
		3BD70F5C2BA0DC5B00B9BA25 /* Debug */ = {
			isa = XCBuildConfiguration;
			buildSettings = {
				ALWAYS_SEARCH_USER_PATHS = NO;
				ASSETCATALOG_COMPILER_GENERATE_SWIFT_ASSET_SYMBOL_EXTENSIONS = YES;
				CLANG_ANALYZER_NONNULL = YES;
				CLANG_ANALYZER_NUMBER_OBJECT_CONVERSION = YES_AGGRESSIVE;
				CLANG_CXX_LANGUAGE_STANDARD = "gnu++20";
				CLANG_ENABLE_MODULES = YES;
				CLANG_ENABLE_OBJC_ARC = YES;
				CLANG_ENABLE_OBJC_WEAK = YES;
				CLANG_WARN_BLOCK_CAPTURE_AUTORELEASING = YES;
				CLANG_WARN_BOOL_CONVERSION = YES;
				CLANG_WARN_COMMA = YES;
				CLANG_WARN_CONSTANT_CONVERSION = YES;
				CLANG_WARN_DEPRECATED_OBJC_IMPLEMENTATIONS = YES;
				CLANG_WARN_DIRECT_OBJC_ISA_USAGE = YES_ERROR;
				CLANG_WARN_DOCUMENTATION_COMMENTS = YES;
				CLANG_WARN_EMPTY_BODY = YES;
				CLANG_WARN_ENUM_CONVERSION = YES;
				CLANG_WARN_INFINITE_RECURSION = YES;
				CLANG_WARN_INT_CONVERSION = YES;
				CLANG_WARN_NON_LITERAL_NULL_CONVERSION = YES;
				CLANG_WARN_OBJC_IMPLICIT_RETAIN_SELF = YES;
				CLANG_WARN_OBJC_LITERAL_CONVERSION = YES;
				CLANG_WARN_OBJC_ROOT_CLASS = YES_ERROR;
				CLANG_WARN_QUOTED_INCLUDE_IN_FRAMEWORK_HEADER = YES;
				CLANG_WARN_RANGE_LOOP_ANALYSIS = YES;
				CLANG_WARN_STRICT_PROTOTYPES = YES;
				CLANG_WARN_SUSPICIOUS_MOVE = YES;
				CLANG_WARN_UNGUARDED_AVAILABILITY = YES_AGGRESSIVE;
				CLANG_WARN_UNREACHABLE_CODE = YES;
				CLANG_WARN__DUPLICATE_METHOD_MATCH = YES;
				COPY_PHASE_STRIP = NO;
				DEBUG_INFORMATION_FORMAT = dwarf;
				ENABLE_STRICT_OBJC_MSGSEND = YES;
				ENABLE_TESTABILITY = YES;
				ENABLE_USER_SCRIPT_SANDBOXING = YES;
				GCC_C_LANGUAGE_STANDARD = gnu17;
				GCC_DYNAMIC_NO_PIC = NO;
				GCC_NO_COMMON_BLOCKS = YES;
				GCC_OPTIMIZATION_LEVEL = 0;
				GCC_PREPROCESSOR_DEFINITIONS = (
					"DEBUG=1",
					"$(inherited)",
				);
				GCC_WARN_64_TO_32_BIT_CONVERSION = YES;
				GCC_WARN_ABOUT_RETURN_TYPE = YES_ERROR;
				GCC_WARN_UNDECLARED_SELECTOR = YES;
				GCC_WARN_UNINITIALIZED_AUTOS = YES_AGGRESSIVE;
				GCC_WARN_UNUSED_FUNCTION = YES;
				GCC_WARN_UNUSED_VARIABLE = YES;
				IPHONEOS_DEPLOYMENT_TARGET = 17.2;
				LOCALIZATION_PREFERS_STRING_CATALOGS = YES;
				MTL_ENABLE_DEBUG_INFO = INCLUDE_SOURCE;
				MTL_FAST_MATH = YES;
				ONLY_ACTIVE_ARCH = YES;
				SDKROOT = iphoneos;
				SWIFT_ACTIVE_COMPILATION_CONDITIONS = "DEBUG $(inherited)";
				SWIFT_OPTIMIZATION_LEVEL = "-Onone";
			};
			name = Debug;
		};
		3BD70F5D2BA0DC5B00B9BA25 /* Release */ = {
			isa = XCBuildConfiguration;
			buildSettings = {
				ALWAYS_SEARCH_USER_PATHS = NO;
				ASSETCATALOG_COMPILER_GENERATE_SWIFT_ASSET_SYMBOL_EXTENSIONS = YES;
				CLANG_ANALYZER_NONNULL = YES;
				CLANG_ANALYZER_NUMBER_OBJECT_CONVERSION = YES_AGGRESSIVE;
				CLANG_CXX_LANGUAGE_STANDARD = "gnu++20";
				CLANG_ENABLE_MODULES = YES;
				CLANG_ENABLE_OBJC_ARC = YES;
				CLANG_ENABLE_OBJC_WEAK = YES;
				CLANG_WARN_BLOCK_CAPTURE_AUTORELEASING = YES;
				CLANG_WARN_BOOL_CONVERSION = YES;
				CLANG_WARN_COMMA = YES;
				CLANG_WARN_CONSTANT_CONVERSION = YES;
				CLANG_WARN_DEPRECATED_OBJC_IMPLEMENTATIONS = YES;
				CLANG_WARN_DIRECT_OBJC_ISA_USAGE = YES_ERROR;
				CLANG_WARN_DOCUMENTATION_COMMENTS = YES;
				CLANG_WARN_EMPTY_BODY = YES;
				CLANG_WARN_ENUM_CONVERSION = YES;
				CLANG_WARN_INFINITE_RECURSION = YES;
				CLANG_WARN_INT_CONVERSION = YES;
				CLANG_WARN_NON_LITERAL_NULL_CONVERSION = YES;
				CLANG_WARN_OBJC_IMPLICIT_RETAIN_SELF = YES;
				CLANG_WARN_OBJC_LITERAL_CONVERSION = YES;
				CLANG_WARN_OBJC_ROOT_CLASS = YES_ERROR;
				CLANG_WARN_QUOTED_INCLUDE_IN_FRAMEWORK_HEADER = YES;
				CLANG_WARN_RANGE_LOOP_ANALYSIS = YES;
				CLANG_WARN_STRICT_PROTOTYPES = YES;
				CLANG_WARN_SUSPICIOUS_MOVE = YES;
				CLANG_WARN_UNGUARDED_AVAILABILITY = YES_AGGRESSIVE;
				CLANG_WARN_UNREACHABLE_CODE = YES;
				CLANG_WARN__DUPLICATE_METHOD_MATCH = YES;
				COPY_PHASE_STRIP = NO;
				DEBUG_INFORMATION_FORMAT = "dwarf-with-dsym";
				ENABLE_NS_ASSERTIONS = NO;
				ENABLE_STRICT_OBJC_MSGSEND = YES;
				ENABLE_USER_SCRIPT_SANDBOXING = YES;
				GCC_C_LANGUAGE_STANDARD = gnu17;
				GCC_NO_COMMON_BLOCKS = YES;
				GCC_WARN_64_TO_32_BIT_CONVERSION = YES;
				GCC_WARN_ABOUT_RETURN_TYPE = YES_ERROR;
				GCC_WARN_UNDECLARED_SELECTOR = YES;
				GCC_WARN_UNINITIALIZED_AUTOS = YES_AGGRESSIVE;
				GCC_WARN_UNUSED_FUNCTION = YES;
				GCC_WARN_UNUSED_VARIABLE = YES;
				IPHONEOS_DEPLOYMENT_TARGET = 17.2;
				LOCALIZATION_PREFERS_STRING_CATALOGS = YES;
				MTL_ENABLE_DEBUG_INFO = NO;
				MTL_FAST_MATH = YES;
				SDKROOT = iphoneos;
				SWIFT_COMPILATION_MODE = wholemodule;
				VALIDATE_PRODUCT = YES;
			};
			name = Release;
		};
		3BD70F5F2BA0DC5B00B9BA25 /* Debug */ = {
			isa = XCBuildConfiguration;
			buildSettings = {
				ASSETCATALOG_COMPILER_APPICON_NAME = AppIcon;
				ASSETCATALOG_COMPILER_GLOBAL_ACCENT_COLOR_NAME = AccentColor;
				CODE_SIGN_STYLE = Automatic;
				CURRENT_PROJECT_VERSION = 1;
				DEVELOPMENT_ASSET_PATHS = "\"HiddenQuestions/Preview Content\"";
				ENABLE_PREVIEWS = YES;
				GENERATE_INFOPLIST_FILE = YES;
				INFOPLIST_KEY_UIApplicationSceneManifest_Generation = YES;
				INFOPLIST_KEY_UIApplicationSupportsIndirectInputEvents = YES;
				INFOPLIST_KEY_UILaunchScreen_Generation = YES;
				INFOPLIST_KEY_UISupportedInterfaceOrientations_iPad = "UIInterfaceOrientationPortrait UIInterfaceOrientationPortraitUpsideDown UIInterfaceOrientationLandscapeLeft UIInterfaceOrientationLandscapeRight";
				INFOPLIST_KEY_UISupportedInterfaceOrientations_iPhone = "UIInterfaceOrientationPortrait UIInterfaceOrientationLandscapeLeft UIInterfaceOrientationLandscapeRight";
				LD_RUNPATH_SEARCH_PATHS = (
					"$(inherited)",
					"@executable_path/Frameworks",
				);
				MARKETING_VERSION = 1.0;
				PRODUCT_BUNDLE_IDENTIFIER = com.nuutrai.HiddenQuestions;
				PRODUCT_NAME = "$(TARGET_NAME)";
				SWIFT_EMIT_LOC_STRINGS = YES;
				SWIFT_VERSION = 5.0;
				TARGETED_DEVICE_FAMILY = "1,2";
			};
			name = Debug;
		};
		3BD70F602BA0DC5B00B9BA25 /* Release */ = {
			isa = XCBuildConfiguration;
			buildSettings = {
				ASSETCATALOG_COMPILER_APPICON_NAME = AppIcon;
				ASSETCATALOG_COMPILER_GLOBAL_ACCENT_COLOR_NAME = AccentColor;
				CODE_SIGN_STYLE = Automatic;
				CURRENT_PROJECT_VERSION = 1;
				DEVELOPMENT_ASSET_PATHS = "\"HiddenQuestions/Preview Content\"";
				ENABLE_PREVIEWS = YES;
				GENERATE_INFOPLIST_FILE = YES;
				INFOPLIST_KEY_UIApplicationSceneManifest_Generation = YES;
				INFOPLIST_KEY_UIApplicationSupportsIndirectInputEvents = YES;
				INFOPLIST_KEY_UILaunchScreen_Generation = YES;
				INFOPLIST_KEY_UISupportedInterfaceOrientations_iPad = "UIInterfaceOrientationPortrait UIInterfaceOrientationPortraitUpsideDown UIInterfaceOrientationLandscapeLeft UIInterfaceOrientationLandscapeRight";
				INFOPLIST_KEY_UISupportedInterfaceOrientations_iPhone = "UIInterfaceOrientationPortrait UIInterfaceOrientationLandscapeLeft UIInterfaceOrientationLandscapeRight";
				LD_RUNPATH_SEARCH_PATHS = (
					"$(inherited)",
					"@executable_path/Frameworks",
				);
				MARKETING_VERSION = 1.0;
				PRODUCT_BUNDLE_IDENTIFIER = com.nuutrai.HiddenQuestions;
				PRODUCT_NAME = "$(TARGET_NAME)";
				SWIFT_EMIT_LOC_STRINGS = YES;
				SWIFT_VERSION = 5.0;
				TARGETED_DEVICE_FAMILY = "1,2";
			};
			name = Release;
		};
/* End XCBuildConfiguration section */

/* Begin XCConfigurationList section */
		3BD70F4B2BA0DC5800B9BA25 /* Build configuration list for PBXProject "HiddenQuestions" */ = {
			isa = XCConfigurationList;
			buildConfigurations = (
				3BD70F5C2BA0DC5B00B9BA25 /* Debug */,
				3BD70F5D2BA0DC5B00B9BA25 /* Release */,
			);
			defaultConfigurationIsVisible = 0;
			defaultConfigurationName = Release;
		};
		3BD70F5E2BA0DC5B00B9BA25 /* Build configuration list for PBXNativeTarget "HiddenQuestions" */ = {
			isa = XCConfigurationList;
			buildConfigurations = (
				3BD70F5F2BA0DC5B00B9BA25 /* Debug */,
				3BD70F602BA0DC5B00B9BA25 /* Release */,
			);
			defaultConfigurationIsVisible = 0;
			defaultConfigurationName = Release;
		};
/* End XCConfigurationList section */

/* Begin XCRemoteSwiftPackageReference section */
		D384D4732C13675D00E0ECDC /* XCRemoteSwiftPackageReference "supabase-swift" */ = {
			isa = XCRemoteSwiftPackageReference;
			repositoryURL = "https://github.com/supabase-community/supabase-swift";
			requirement = {
				kind = upToNextMajorVersion;
				minimumVersion = 2.5.1;
			};
		};
/* End XCRemoteSwiftPackageReference section */

/* Begin XCSwiftPackageProductDependency section */
		D384D4742C13675D00E0ECDC /* Auth */ = {
			isa = XCSwiftPackageProductDependency;
			package = D384D4732C13675D00E0ECDC /* XCRemoteSwiftPackageReference "supabase-swift" */;
			productName = Auth;
		};
		D384D4762C13675D00E0ECDC /* Functions */ = {
			isa = XCSwiftPackageProductDependency;
			package = D384D4732C13675D00E0ECDC /* XCRemoteSwiftPackageReference "supabase-swift" */;
			productName = Functions;
		};
		D384D4782C13675D00E0ECDC /* PostgREST */ = {
			isa = XCSwiftPackageProductDependency;
			package = D384D4732C13675D00E0ECDC /* XCRemoteSwiftPackageReference "supabase-swift" */;
			productName = PostgREST;
		};
		D384D47A2C13675D00E0ECDC /* Realtime */ = {
			isa = XCSwiftPackageProductDependency;
			package = D384D4732C13675D00E0ECDC /* XCRemoteSwiftPackageReference "supabase-swift" */;
			productName = Realtime;
		};
		D384D47C2C13675D00E0ECDC /* Storage */ = {
			isa = XCSwiftPackageProductDependency;
			package = D384D4732C13675D00E0ECDC /* XCRemoteSwiftPackageReference "supabase-swift" */;
			productName = Storage;
		};
		D384D47E2C13675D00E0ECDC /* Supabase */ = {
			isa = XCSwiftPackageProductDependency;
			package = D384D4732C13675D00E0ECDC /* XCRemoteSwiftPackageReference "supabase-swift" */;
			productName = Supabase;
		};
/* End XCSwiftPackageProductDependency section */
	};
	rootObject = 3BD70F482BA0DC5800B9BA25 /* Project object */;
}
